
Microsoft Visual Studio Solution File, Format Version 12.00
# Visual Studio Version 17
VisualStudioVersion = 17.3.32929.385
MinimumVisualStudioVersion = 10.0.40219.1
Project("{FAE04EC0-301F-11D3-BF4B-00C04F79EFBC}") = "BlazorAppUI", "BlazorAppUI\BlazorAppUI.csproj", "{E6627D89-03E2-40A9-BFEE-4B320A06CFEB}"
EndProject
Global
	GlobalSection(SolutionConfigurationPlatforms) = preSolution
		Debug|Any CPU = Debug|Any CPU
		Release|Any CPU = Release|Any CPU
	EndGlobalSection
	GlobalSection(ProjectConfigurationPlatforms) = postSolution
		{E6627D89-03E2-40A9-BFEE-4B320A06CFEB}.Debug|Any CPU.ActiveCfg = Debug|Any CPU
		{E6627D89-03E2-40A9-BFEE-4B320A06CFEB}.Debug|Any CPU.Build.0 = Debug|Any CPU
		{E6627D89-03E2-40A9-BFEE-4B320A06CFEB}.Release|Any CPU.ActiveCfg = Release|Any CPU
		{E6627D89-03E2-40A9-BFEE-4B320A06CFEB}.Release|Any CPU.Build.0 = Release|Any CPU
	EndGlobalSection
	GlobalSection(SolutionProperties) = preSolution
		HideSolutionNode = FALSE
	EndGlobalSection
	GlobalSection(ExtensibilityGlobals) = postSolution
		SolutionGuid = {AB461B11-CDF9-4873-B5E3-362638576149}
	EndGlobalSection
EndGlobal
